
Microsoft Visual Studio Solution File, Format Version 12.00
# Visual Studio Version 16
VisualStudioVersion = 16.0.31205.134
MinimumVisualStudioVersion = 10.0.40219.1
Project("{FAE04EC0-301F-11D3-BF4B-00C04F79EFBC}") = "Datadog_APM_AspNet48_MVC_WinServerCoreLTSC2019", "Datadog_APM_AspNet48_MVC_WinServerCoreLTSC2019.csproj", "{3358DA26-7A7C-435C-A1CC-B410E46FDB8E}"
EndProject
Global
	GlobalSection(SolutionConfigurationPlatforms) = preSolution
		Debug|Any CPU = Debug|Any CPU
		Release|Any CPU = Release|Any CPU
	EndGlobalSection
	GlobalSection(ProjectConfigurationPlatforms) = postSolution
		{3358DA26-7A7C-435C-A1CC-B410E46FDB8E}.Debug|Any CPU.ActiveCfg = Debug|Any CPU
		{3358DA26-7A7C-435C-A1CC-B410E46FDB8E}.Debug|Any CPU.Build.0 = Debug|Any CPU
		{3358DA26-7A7C-435C-A1CC-B410E46FDB8E}.Release|Any CPU.ActiveCfg = Release|Any CPU
		{3358DA26-7A7C-435C-A1CC-B410E46FDB8E}.Release|Any CPU.Build.0 = Release|Any CPU
	EndGlobalSection
	GlobalSection(SolutionProperties) = preSolution
		HideSolutionNode = FALSE
	EndGlobalSection
	GlobalSection(ExtensibilityGlobals) = postSolution
		SolutionGuid = {DF27C9EF-1EF2-4CB7-8C3B-88E1D9A75B5A}
	EndGlobalSection
EndGlobal
